
Microsoft Visual Studio Solution File, Format Version 12.00
# Visual Studio Version 16
VisualStudioVersion = 16.0.31624.102
MinimumVisualStudioVersion = 10.0.40219.1
Project("{8BC9CEB8-8B4A-11D0-8D11-00A0C91BC942}") = "a1a2", "a1a2.vcxproj", "{8130CC11-350D-4AB0-A41A-20CA25430753}"
EndProject
Global
	GlobalSection(SolutionConfigurationPlatforms) = preSolution
		Debug|x64 = Debug|x64
		Debug|x86 = Debug|x86
		Release|x64 = Release|x64
		Release|x86 = Release|x86
	EndGlobalSection
	GlobalSection(ProjectConfigurationPlatforms) = postSolution
		{8130CC11-350D-4AB0-A41A-20CA25430753}.Debug|x64.ActiveCfg = Debug|x64
		{8130CC11-350D-4AB0-A41A-20CA25430753}.Debug|x64.Build.0 = Debug|x64
		{8130CC11-350D-4AB0-A41A-20CA25430753}.Debug|x86.ActiveCfg = Debug|Win32
		{8130CC11-350D-4AB0-A41A-20CA25430753}.Debug|x86.Build.0 = Debug|Win32
		{8130CC11-350D-4AB0-A41A-20CA25430753}.Release|x64.ActiveCfg = Release|x64
		{8130CC11-350D-4AB0-A41A-20CA25430753}.Release|x64.Build.0 = Release|x64
		{8130CC11-350D-4AB0-A41A-20CA25430753}.Release|x86.ActiveCfg = Release|Win32
		{8130CC11-350D-4AB0-A41A-20CA25430753}.Release|x86.Build.0 = Release|Win32
	EndGlobalSection
	GlobalSection(SolutionProperties) = preSolution
		HideSolutionNode = FALSE
	EndGlobalSection
	GlobalSection(ExtensibilityGlobals) = postSolution
		SolutionGuid = {38CC18ED-0018-4687-BC1A-7CA05AC23777}
	EndGlobalSection
EndGlobal
