
Microsoft Visual Studio Solution File, Format Version 12.00
# Visual Studio Version 16
VisualStudioVersion = 16.0.31624.102
MinimumVisualStudioVersion = 10.0.40219.1
Project("{8BC9CEB8-8B4A-11D0-8D11-00A0C91BC942}") = "exeptions_complex_div", "exeptions_complex_div.vcxproj", "{1F56EE85-16FB-43C7-9C2C-B8F5A82082BF}"
EndProject
Global
	GlobalSection(SolutionConfigurationPlatforms) = preSolution
		Debug|x64 = Debug|x64
		Debug|x86 = Debug|x86
		Release|x64 = Release|x64
		Release|x86 = Release|x86
	EndGlobalSection
	GlobalSection(ProjectConfigurationPlatforms) = postSolution
		{1F56EE85-16FB-43C7-9C2C-B8F5A82082BF}.Debug|x64.ActiveCfg = Debug|x64
		{1F56EE85-16FB-43C7-9C2C-B8F5A82082BF}.Debug|x64.Build.0 = Debug|x64
		{1F56EE85-16FB-43C7-9C2C-B8F5A82082BF}.Debug|x86.ActiveCfg = Debug|Win32
		{1F56EE85-16FB-43C7-9C2C-B8F5A82082BF}.Debug|x86.Build.0 = Debug|Win32
		{1F56EE85-16FB-43C7-9C2C-B8F5A82082BF}.Release|x64.ActiveCfg = Release|x64
		{1F56EE85-16FB-43C7-9C2C-B8F5A82082BF}.Release|x64.Build.0 = Release|x64
		{1F56EE85-16FB-43C7-9C2C-B8F5A82082BF}.Release|x86.ActiveCfg = Release|Win32
		{1F56EE85-16FB-43C7-9C2C-B8F5A82082BF}.Release|x86.Build.0 = Release|Win32
	EndGlobalSection
	GlobalSection(SolutionProperties) = preSolution
		HideSolutionNode = FALSE
	EndGlobalSection
	GlobalSection(ExtensibilityGlobals) = postSolution
		SolutionGuid = {5C6A5719-8549-4A0A-B961-27C6D3104778}
	EndGlobalSection
EndGlobal
